<?xml version="1.0" encoding="UTF-8"?>
<CodeBlocks_project_file>
	<FileVersion major="1" minor="6"/>
	<Project>
		<Option title="ProjDestijl"/>
		<Option makefile_is_custom="1"/>
		<Option compiler="gcc"/>
		<Option virtualFolders="CMake Files\;CMake Files\lib\;CMake Files\superviseur\;"/>
		<Build>
			<Target title="all">
				<Option working_dir="/home/dimercur/Documents/Travail/git/dumber/software/raspberry/superviseur-robot"/>
				<Option type="4"/>
				<MakeCommands>
					<Build command="/usr/bin/make -f &quot;/home/dimercur/Documents/Travail/git/dumber/software/raspberry/superviseur-robot/Makefile&quot;  VERBOSE=1 all"/>
					<CompileFile command="/usr/bin/make -f &quot;/home/dimercur/Documents/Travail/git/dumber/software/raspberry/superviseur-robot/Makefile&quot;  VERBOSE=1 &quot;$file&quot;"/>
					<Clean command="/usr/bin/make -f &quot;/home/dimercur/Documents/Travail/git/dumber/software/raspberry/superviseur-robot/Makefile&quot;  VERBOSE=1 clean"/>
					<DistClean command="/usr/bin/make -f &quot;/home/dimercur/Documents/Travail/git/dumber/software/raspberry/superviseur-robot/Makefile&quot;  VERBOSE=1 clean"/>
				</MakeCommands>
			</Target>
			<Target title="rebuild_cache">
				<Option working_dir="/home/dimercur/Documents/Travail/git/dumber/software/raspberry/superviseur-robot"/>
				<Option type="4"/>
				<MakeCommands>
					<Build command="/usr/bin/make -f &quot;/home/dimercur/Documents/Travail/git/dumber/software/raspberry/superviseur-robot/Makefile&quot;  VERBOSE=1 rebuild_cache"/>
					<CompileFile command="/usr/bin/make -f &quot;/home/dimercur/Documents/Travail/git/dumber/software/raspberry/superviseur-robot/Makefile&quot;  VERBOSE=1 &quot;$file&quot;"/>
					<Clean command="/usr/bin/make -f &quot;/home/dimercur/Documents/Travail/git/dumber/software/raspberry/superviseur-robot/Makefile&quot;  VERBOSE=1 clean"/>
					<DistClean command="/usr/bin/make -f &quot;/home/dimercur/Documents/Travail/git/dumber/software/raspberry/superviseur-robot/Makefile&quot;  VERBOSE=1 clean"/>
				</MakeCommands>
			</Target>
			<Target title="edit_cache">
				<Option working_dir="/home/dimercur/Documents/Travail/git/dumber/software/raspberry/superviseur-robot"/>
				<Option type="4"/>
				<MakeCommands>
					<Build command="/usr/bin/make -f &quot;/home/dimercur/Documents/Travail/git/dumber/software/raspberry/superviseur-robot/Makefile&quot;  VERBOSE=1 edit_cache"/>
					<CompileFile command="/usr/bin/make -f &quot;/home/dimercur/Documents/Travail/git/dumber/software/raspberry/superviseur-robot/Makefile&quot;  VERBOSE=1 &quot;$file&quot;"/>
					<Clean command="/usr/bin/make -f &quot;/home/dimercur/Documents/Travail/git/dumber/software/raspberry/superviseur-robot/Makefile&quot;  VERBOSE=1 clean"/>
					<DistClean command="/usr/bin/make -f &quot;/home/dimercur/Documents/Travail/git/dumber/software/raspberry/superviseur-robot/Makefile&quot;  VERBOSE=1 clean"/>
				</MakeCommands>
			</Target>
			<Target title="destijl">
				<Option output="/home/dimercur/Documents/Travail/git/dumber/software/raspberry/lib/libdestijl.a" prefix_auto="0" extension_auto="0"/>
				<Option working_dir="/home/dimercur/Documents/Travail/git/dumber/software/raspberry/superviseur-robot/lib"/>
				<Option object_output="./"/>
				<Option type="2"/>
				<Option compiler="gcc"/>
				<Compiler>
					<Add directory="/home/dimercur/Documents/Travail/git/dumber/software/raspberry/superviseur-robot/lib/."/>
				</Compiler>
				<MakeCommands>
					<Build command="/usr/bin/make -f &quot;/home/dimercur/Documents/Travail/git/dumber/software/raspberry/superviseur-robot/lib/Makefile&quot;  VERBOSE=1 destijl"/>
					<CompileFile command="/usr/bin/make -f &quot;/home/dimercur/Documents/Travail/git/dumber/software/raspberry/superviseur-robot/lib/Makefile&quot;  VERBOSE=1 &quot;$file&quot;"/>
					<Clean command="/usr/bin/make -f &quot;/home/dimercur/Documents/Travail/git/dumber/software/raspberry/superviseur-robot/lib/Makefile&quot;  VERBOSE=1 clean"/>
					<DistClean command="/usr/bin/make -f &quot;/home/dimercur/Documents/Travail/git/dumber/software/raspberry/superviseur-robot/lib/Makefile&quot;  VERBOSE=1 clean"/>
				</MakeCommands>
			</Target>
			<Target title="destijl/fast">
				<Option output="/home/dimercur/Documents/Travail/git/dumber/software/raspberry/lib/libdestijl.a" prefix_auto="0" extension_auto="0"/>
				<Option working_dir="/home/dimercur/Documents/Travail/git/dumber/software/raspberry/superviseur-robot/lib"/>
				<Option object_output="./"/>
				<Option type="2"/>
				<Option compiler="gcc"/>
				<Compiler>
					<Add directory="/home/dimercur/Documents/Travail/git/dumber/software/raspberry/superviseur-robot/lib/."/>
				</Compiler>
				<MakeCommands>
					<Build command="/usr/bin/make -f &quot;/home/dimercur/Documents/Travail/git/dumber/software/raspberry/superviseur-robot/lib/Makefile&quot;  VERBOSE=1 destijl/fast"/>
					<CompileFile command="/usr/bin/make -f &quot;/home/dimercur/Documents/Travail/git/dumber/software/raspberry/superviseur-robot/lib/Makefile&quot;  VERBOSE=1 &quot;$file&quot;"/>
					<Clean command="/usr/bin/make -f &quot;/home/dimercur/Documents/Travail/git/dumber/software/raspberry/superviseur-robot/lib/Makefile&quot;  VERBOSE=1 clean"/>
					<DistClean command="/usr/bin/make -f &quot;/home/dimercur/Documents/Travail/git/dumber/software/raspberry/superviseur-robot/lib/Makefile&quot;  VERBOSE=1 clean"/>
				</MakeCommands>
			</Target>
			<Target title="superviseur">
				<Option output="/home/dimercur/Documents/Travail/git/dumber/software/raspberry/superviseur/bin/superviseur" prefix_auto="0" extension_auto="0"/>
				<Option working_dir="/home/dimercur/Documents/Travail/git/dumber/software/raspberry/superviseur-robot/../superviseur/bin"/>
				<Option object_output="./"/>
				<Option type="1"/>
				<Option compiler="gcc"/>
				<Compiler>
					<Add directory="/home/dimercur/Documents/Travail/git/dumber/software/raspberry/superviseur-robot/superviseur/./src"/>
					<Add directory="/home/dimercur/Documents/Travail/git/dumber/software/raspberry/superviseur-robot/superviseur/../lib"/>
					<Add directory="/usr/xenomai/include"/>
					<Add directory="/usr/xenomai/include/mercury"/>
				</Compiler>
				<MakeCommands>
					<Build command="/usr/bin/make -f &quot;/home/dimercur/Documents/Travail/git/dumber/software/raspberry/superviseur-robot/superviseur/Makefile&quot;  VERBOSE=1 superviseur"/>
					<CompileFile command="/usr/bin/make -f &quot;/home/dimercur/Documents/Travail/git/dumber/software/raspberry/superviseur-robot/superviseur/Makefile&quot;  VERBOSE=1 &quot;$file&quot;"/>
					<Clean command="/usr/bin/make -f &quot;/home/dimercur/Documents/Travail/git/dumber/software/raspberry/superviseur-robot/superviseur/Makefile&quot;  VERBOSE=1 clean"/>
					<DistClean command="/usr/bin/make -f &quot;/home/dimercur/Documents/Travail/git/dumber/software/raspberry/superviseur-robot/superviseur/Makefile&quot;  VERBOSE=1 clean"/>
				</MakeCommands>
			</Target>
			<Target title="superviseur/fast">
				<Option output="/home/dimercur/Documents/Travail/git/dumber/software/raspberry/superviseur/bin/superviseur" prefix_auto="0" extension_auto="0"/>
				<Option working_dir="/home/dimercur/Documents/Travail/git/dumber/software/raspberry/superviseur-robot/../superviseur/bin"/>
				<Option object_output="./"/>
				<Option type="1"/>
				<Option compiler="gcc"/>
				<Compiler>
					<Add directory="/home/dimercur/Documents/Travail/git/dumber/software/raspberry/superviseur-robot/superviseur/./src"/>
					<Add directory="/home/dimercur/Documents/Travail/git/dumber/software/raspberry/superviseur-robot/superviseur/../lib"/>
					<Add directory="/usr/xenomai/include"/>
					<Add directory="/usr/xenomai/include/mercury"/>
				</Compiler>
				<MakeCommands>
					<Build command="/usr/bin/make -f &quot;/home/dimercur/Documents/Travail/git/dumber/software/raspberry/superviseur-robot/superviseur/Makefile&quot;  VERBOSE=1 superviseur/fast"/>
					<CompileFile command="/usr/bin/make -f &quot;/home/dimercur/Documents/Travail/git/dumber/software/raspberry/superviseur-robot/superviseur/Makefile&quot;  VERBOSE=1 &quot;$file&quot;"/>
					<Clean command="/usr/bin/make -f &quot;/home/dimercur/Documents/Travail/git/dumber/software/raspberry/superviseur-robot/superviseur/Makefile&quot;  VERBOSE=1 clean"/>
					<DistClean command="/usr/bin/make -f &quot;/home/dimercur/Documents/Travail/git/dumber/software/raspberry/superviseur-robot/superviseur/Makefile&quot;  VERBOSE=1 clean"/>
				</MakeCommands>
			</Target>
		</Build>
		<Unit filename="/home/dimercur/Documents/Travail/git/dumber/software/raspberry/superviseur-robot/lib/src/image.cpp">
			<Option target="destijl"/>
		</Unit>
		<Unit filename="/home/dimercur/Documents/Travail/git/dumber/software/raspberry/superviseur-robot/lib/src/message.cpp">
			<Option target="destijl"/>
		</Unit>
		<Unit filename="/home/dimercur/Documents/Travail/git/dumber/software/raspberry/superviseur-robot/lib/src/monitor.cpp">
			<Option target="destijl"/>
		</Unit>
		<Unit filename="/home/dimercur/Documents/Travail/git/dumber/software/raspberry/superviseur-robot/lib/src/robot.cpp">
			<Option target="destijl"/>
		</Unit>
		<Unit filename="/home/dimercur/Documents/Travail/git/dumber/software/raspberry/superviseur-robot/superviseur/src/functions.cpp">
			<Option target="superviseur"/>
		</Unit>
		<Unit filename="/home/dimercur/Documents/Travail/git/dumber/software/raspberry/superviseur-robot/superviseur/src/functions.h">
			<Option target="superviseur"/>
		</Unit>
		<Unit filename="/home/dimercur/Documents/Travail/git/dumber/software/raspberry/superviseur-robot/superviseur/src/main.cpp">
			<Option target="superviseur"/>
		</Unit>
		<Unit filename="/home/dimercur/Documents/Travail/git/dumber/software/raspberry/superviseur-robot/CMakeLists.txt">
			<Option virtualFolder="CMake Files\"/>
		</Unit>
		<Unit filename="/home/dimercur/Documents/Travail/git/dumber/software/raspberry/superviseur-robot/lib/CMakeLists.txt">
			<Option virtualFolder="CMake Files\lib\"/>
		</Unit>
		<Unit filename="/home/dimercur/Documents/Travail/git/dumber/software/raspberry/superviseur-robot/superviseur/CMakeLists.txt">
			<Option virtualFolder="CMake Files\superviseur\"/>
		</Unit>
	</Project>
</CodeBlocks_project_file>
